
Microsoft Visual Studio Solution File, Format Version 12.00
# Visual Studio 15
VisualStudioVersion = 15.0.26730.16
MinimumVisualStudioVersion = 10.0.40219.1
Project("{FAE04EC0-301F-11D3-BF4B-00C04F79EFBC}") = "Api", "Api\Api.csproj", "{E2936B3F-D300-4F1A-BBE8-A18563BE90A4}"
EndProject
Project("{FAE04EC0-301F-11D3-BF4B-00C04F79EFBC}") = "Objects", "Objects\Objects.csproj", "{F9817673-FBEA-42FC-98F8-49A63A4A7847}"
EndProject
Global
	GlobalSection(SolutionConfigurationPlatforms) = preSolution
		Debug|Any CPU = Debug|Any CPU
		Release|Any CPU = Release|Any CPU
	EndGlobalSection
	GlobalSection(ProjectConfigurationPlatforms) = postSolution
		{E2936B3F-D300-4F1A-BBE8-A18563BE90A4}.Debug|Any CPU.ActiveCfg = Debug|Any CPU
		{E2936B3F-D300-4F1A-BBE8-A18563BE90A4}.Debug|Any CPU.Build.0 = Debug|Any CPU
		{E2936B3F-D300-4F1A-BBE8-A18563BE90A4}.Release|Any CPU.ActiveCfg = Release|Any CPU
		{E2936B3F-D300-4F1A-BBE8-A18563BE90A4}.Release|Any CPU.Build.0 = Release|Any CPU
		{F9817673-FBEA-42FC-98F8-49A63A4A7847}.Debug|Any CPU.ActiveCfg = Debug|Any CPU
		{F9817673-FBEA-42FC-98F8-49A63A4A7847}.Debug|Any CPU.Build.0 = Debug|Any CPU
		{F9817673-FBEA-42FC-98F8-49A63A4A7847}.Release|Any CPU.ActiveCfg = Release|Any CPU
		{F9817673-FBEA-42FC-98F8-49A63A4A7847}.Release|Any CPU.Build.0 = Release|Any CPU
	EndGlobalSection
	GlobalSection(SolutionProperties) = preSolution
		HideSolutionNode = FALSE
	EndGlobalSection
	GlobalSection(ExtensibilityGlobals) = postSolution
		SolutionGuid = {1671F16C-804D-445E-8A54-1238B4BBCA50}
	EndGlobalSection
EndGlobal
